
Microsoft Visual Studio Solution File, Format Version 12.00
# Visual Studio Version 17
VisualStudioVersion = 17.7.34009.444
MinimumVisualStudioVersion = 10.0.40219.1
Project("{9A19103F-16F7-4668-BE54-9A1E7A4F7556}") = "Catalogo.API", "APICatalago\Catalogo.API.csproj", "{6F7AF6B7-2DD4-41C8-A138-D4E08932C7F4}"
EndProject
Project("{FAE04EC0-301F-11D3-BF4B-00C04F79EFBC}") = "Catalogo.Aplicacao", "Catalogo.Aplicacao\Catalogo.Aplicacao.csproj", "{0ED3E81A-F4F4-4C3B-9F34-F6B5F97EB8A7}"
EndProject
Project("{FAE04EC0-301F-11D3-BF4B-00C04F79EFBC}") = "Catalogo.Ioc", "Catalago.Ioc\Catalogo.Ioc.csproj", "{30B92DF8-3717-4B70-9A72-F4862D9C3718}"
EndProject
Project("{FAE04EC0-301F-11D3-BF4B-00C04F79EFBC}") = "Catalogo.Domain", "Catalogo.Domain\Catalogo.Domain.csproj", "{3BF40809-C498-4076-90A2-F571FB75363F}"
EndProject
Project("{FAE04EC0-301F-11D3-BF4B-00C04F79EFBC}") = "Catalogo.Migrations", "Catalogo.Migrations\Catalogo.Migrations.csproj", "{FE145B65-90D5-406E-BA2F-1BED57B0795C}"
EndProject
Global
	GlobalSection(SolutionConfigurationPlatforms) = preSolution
		Debug|Any CPU = Debug|Any CPU
		Release|Any CPU = Release|Any CPU
	EndGlobalSection
	GlobalSection(ProjectConfigurationPlatforms) = postSolution
		{6F7AF6B7-2DD4-41C8-A138-D4E08932C7F4}.Debug|Any CPU.ActiveCfg = Debug|Any CPU
		{6F7AF6B7-2DD4-41C8-A138-D4E08932C7F4}.Debug|Any CPU.Build.0 = Debug|Any CPU
		{6F7AF6B7-2DD4-41C8-A138-D4E08932C7F4}.Release|Any CPU.ActiveCfg = Release|Any CPU
		{6F7AF6B7-2DD4-41C8-A138-D4E08932C7F4}.Release|Any CPU.Build.0 = Release|Any CPU
		{0ED3E81A-F4F4-4C3B-9F34-F6B5F97EB8A7}.Debug|Any CPU.ActiveCfg = Debug|Any CPU
		{0ED3E81A-F4F4-4C3B-9F34-F6B5F97EB8A7}.Debug|Any CPU.Build.0 = Debug|Any CPU
		{0ED3E81A-F4F4-4C3B-9F34-F6B5F97EB8A7}.Release|Any CPU.ActiveCfg = Release|Any CPU
		{0ED3E81A-F4F4-4C3B-9F34-F6B5F97EB8A7}.Release|Any CPU.Build.0 = Release|Any CPU
		{30B92DF8-3717-4B70-9A72-F4862D9C3718}.Debug|Any CPU.ActiveCfg = Debug|Any CPU
		{30B92DF8-3717-4B70-9A72-F4862D9C3718}.Debug|Any CPU.Build.0 = Debug|Any CPU
		{30B92DF8-3717-4B70-9A72-F4862D9C3718}.Release|Any CPU.ActiveCfg = Release|Any CPU
		{30B92DF8-3717-4B70-9A72-F4862D9C3718}.Release|Any CPU.Build.0 = Release|Any CPU
		{3BF40809-C498-4076-90A2-F571FB75363F}.Debug|Any CPU.ActiveCfg = Debug|Any CPU
		{3BF40809-C498-4076-90A2-F571FB75363F}.Debug|Any CPU.Build.0 = Debug|Any CPU
		{3BF40809-C498-4076-90A2-F571FB75363F}.Release|Any CPU.ActiveCfg = Release|Any CPU
		{3BF40809-C498-4076-90A2-F571FB75363F}.Release|Any CPU.Build.0 = Release|Any CPU
		{FE145B65-90D5-406E-BA2F-1BED57B0795C}.Debug|Any CPU.ActiveCfg = Debug|Any CPU
		{FE145B65-90D5-406E-BA2F-1BED57B0795C}.Debug|Any CPU.Build.0 = Debug|Any CPU
		{FE145B65-90D5-406E-BA2F-1BED57B0795C}.Release|Any CPU.ActiveCfg = Release|Any CPU
		{FE145B65-90D5-406E-BA2F-1BED57B0795C}.Release|Any CPU.Build.0 = Release|Any CPU
	EndGlobalSection
	GlobalSection(SolutionProperties) = preSolution
		HideSolutionNode = FALSE
	EndGlobalSection
	GlobalSection(ExtensibilityGlobals) = postSolution
		SolutionGuid = {5692FE99-65D8-4934-A02E-0E86710F1EF7}
	EndGlobalSection
EndGlobal
